
Microsoft Visual Studio Solution File, Format Version 12.00
# Visual Studio Version 16
VisualStudioVersion = 25.0.1704.4
MinimumVisualStudioVersion = 10.0.40219.1
Project("{FAE04EC0-301F-11D3-BF4B-00C04F79EFBC}") = "CustomerService_Project", "CustomerService_Project.csproj", "{A060A07A-F00C-4A78-9E1B-0F7D284FC62E}"
EndProject
Project("{FAE04EC0-301F-11D3-BF4B-00C04F79EFBC}") = "Tests", "..\Tests\Tests.csproj", "{49760A7A-DE59-46D4-A637-69F8A620A81F}"
EndProject
Global
	GlobalSection(SolutionConfigurationPlatforms) = preSolution
		Debug|Any CPU = Debug|Any CPU
		Release|Any CPU = Release|Any CPU
	EndGlobalSection
	GlobalSection(ProjectConfigurationPlatforms) = postSolution
		{A060A07A-F00C-4A78-9E1B-0F7D284FC62E}.Debug|Any CPU.ActiveCfg = Debug|Any CPU
		{A060A07A-F00C-4A78-9E1B-0F7D284FC62E}.Debug|Any CPU.Build.0 = Debug|Any CPU
		{A060A07A-F00C-4A78-9E1B-0F7D284FC62E}.Release|Any CPU.ActiveCfg = Release|Any CPU
		{A060A07A-F00C-4A78-9E1B-0F7D284FC62E}.Release|Any CPU.Build.0 = Release|Any CPU
		{49760A7A-DE59-46D4-A637-69F8A620A81F}.Debug|Any CPU.ActiveCfg = Debug|Any CPU
		{49760A7A-DE59-46D4-A637-69F8A620A81F}.Debug|Any CPU.Build.0 = Debug|Any CPU
		{49760A7A-DE59-46D4-A637-69F8A620A81F}.Release|Any CPU.ActiveCfg = Release|Any CPU
		{49760A7A-DE59-46D4-A637-69F8A620A81F}.Release|Any CPU.Build.0 = Release|Any CPU
	EndGlobalSection
	GlobalSection(SolutionProperties) = preSolution
		HideSolutionNode = FALSE
	EndGlobalSection
	GlobalSection(ExtensibilityGlobals) = postSolution
		SolutionGuid = {F1D40CB7-A6C6-4927-8283-26B9E1988066}
	EndGlobalSection
EndGlobal
